
Microsoft Visual Studio Solution File, Format Version 12.00
# Visual Studio Version 17
VisualStudioVersion = 17.12.35323.107
MinimumVisualStudioVersion = 10.0.40219.1
Project("{FAE04EC0-301F-11D3-BF4B-00C04F79EFBC}") = "WaveFunctionCollapseImageGenerator", "WaveFunctionCollapseImageGenerator.csproj", "{DD453FB2-5420-4A79-B230-0BFDC7D68C86}"
EndProject
Project("{FAE04EC0-301F-11D3-BF4B-00C04F79EFBC}") = "WaveFunctionCollapseImageGenerator.Test", "..\test\WaveFunctionCollapseImageGenerator.Test\WaveFunctionCollapseImageGenerator.Test.csproj", "{777A824A-3F62-437C-BF17-6019A7E5AE20}"
EndProject
Global
	GlobalSection(SolutionConfigurationPlatforms) = preSolution
		Debug|Any CPU = Debug|Any CPU
		Release|Any CPU = Release|Any CPU
	EndGlobalSection
	GlobalSection(ProjectConfigurationPlatforms) = postSolution
		{DD453FB2-5420-4A79-B230-0BFDC7D68C86}.Debug|Any CPU.ActiveCfg = Debug|Any CPU
		{DD453FB2-5420-4A79-B230-0BFDC7D68C86}.Debug|Any CPU.Build.0 = Debug|Any CPU
		{DD453FB2-5420-4A79-B230-0BFDC7D68C86}.Release|Any CPU.ActiveCfg = Release|Any CPU
		{DD453FB2-5420-4A79-B230-0BFDC7D68C86}.Release|Any CPU.Build.0 = Release|Any CPU
		{777A824A-3F62-437C-BF17-6019A7E5AE20}.Debug|Any CPU.ActiveCfg = Debug|Any CPU
		{777A824A-3F62-437C-BF17-6019A7E5AE20}.Debug|Any CPU.Build.0 = Debug|Any CPU
		{777A824A-3F62-437C-BF17-6019A7E5AE20}.Release|Any CPU.ActiveCfg = Release|Any CPU
		{777A824A-3F62-437C-BF17-6019A7E5AE20}.Release|Any CPU.Build.0 = Release|Any CPU
	EndGlobalSection
	GlobalSection(SolutionProperties) = preSolution
		HideSolutionNode = FALSE
	EndGlobalSection
	GlobalSection(ExtensibilityGlobals) = postSolution
		SolutionGuid = {AA225D95-4B2D-4771-A6FA-11B88B33C9D8}
	EndGlobalSection
EndGlobal
